
Microsoft Visual Studio Solution File, Format Version 12.00
# Visual Studio Version 17
VisualStudioVersion = 17.6.33829.357
MinimumVisualStudioVersion = 10.0.40219.1
Project("{FAE04EC0-301F-11D3-BF4B-00C04F79EFBC}") = "LineChartDemo", "LineChartDemo\LineChartDemo.csproj", "{3C2DCEED-777B-4F0B-8179-7AE2A61F9FFA}"
EndProject
Global
	GlobalSection(SolutionConfigurationPlatforms) = preSolution
		Debug|Any CPU = Debug|Any CPU
		Release|Any CPU = Release|Any CPU
	EndGlobalSection
	GlobalSection(ProjectConfigurationPlatforms) = postSolution
		{3C2DCEED-777B-4F0B-8179-7AE2A61F9FFA}.Debug|Any CPU.ActiveCfg = Debug|Any CPU
		{3C2DCEED-777B-4F0B-8179-7AE2A61F9FFA}.Debug|Any CPU.Build.0 = Debug|Any CPU
		{3C2DCEED-777B-4F0B-8179-7AE2A61F9FFA}.Debug|Any CPU.Deploy.0 = Debug|Any CPU
		{3C2DCEED-777B-4F0B-8179-7AE2A61F9FFA}.Release|Any CPU.ActiveCfg = Release|Any CPU
		{3C2DCEED-777B-4F0B-8179-7AE2A61F9FFA}.Release|Any CPU.Build.0 = Release|Any CPU
		{3C2DCEED-777B-4F0B-8179-7AE2A61F9FFA}.Release|Any CPU.Deploy.0 = Release|Any CPU
	EndGlobalSection
	GlobalSection(SolutionProperties) = preSolution
		HideSolutionNode = FALSE
	EndGlobalSection
	GlobalSection(ExtensibilityGlobals) = postSolution
		SolutionGuid = {FB76FF72-2550-46A9-976D-C9B5E63BC861}
	EndGlobalSection
EndGlobal
